// !$*UTF8*$!
{
	archiveVersion = 1;
	classes = {
	};
	objectVersion = 55;
	objects = {

/* Begin PBXBuildFile section */
		D313EED7292B943A00961B15 /* Pods_VkNewsFeed.framework in Frameworks */ = {isa = PBXBuildFile; fileRef = EC7A7E48967FE75CC034227D /* Pods_VkNewsFeed.framework */; };
		D313EEDB292BAD2300961B15 /* AuthService.swift in Sources */ = {isa = PBXBuildFile; fileRef = D313EEDA292BAD2300961B15 /* AuthService.swift */; };
		D313EEDE292BAFA400961B15 /* AuthViewController.storyboard in Resources */ = {isa = PBXBuildFile; fileRef = D313EEDD292BAFA400961B15 /* AuthViewController.storyboard */; };
		D313EEE0292CC73D00961B15 /* FeedViewController.swift in Sources */ = {isa = PBXBuildFile; fileRef = D313EEDF292CC73D00961B15 /* FeedViewController.swift */; };
		D313EEE2292CC76200961B15 /* FeedViewController.storyboard in Resources */ = {isa = PBXBuildFile; fileRef = D313EEE1292CC76200961B15 /* FeedViewController.storyboard */; };
		D313EEE6292CDFE000961B15 /* NetworkService.swift in Sources */ = {isa = PBXBuildFile; fileRef = D313EEE5292CDFE000961B15 /* NetworkService.swift */; };
		D313EEE8292CE0AF00961B15 /* Api.swift in Sources */ = {isa = PBXBuildFile; fileRef = D313EEE7292CE0AF00961B15 /* Api.swift */; };
		D313EEEB292E009D00961B15 /* FeedResponse.swift in Sources */ = {isa = PBXBuildFile; fileRef = D313EEEA292E009D00961B15 /* FeedResponse.swift */; };
		D313EEED292E039B00961B15 /* NetworkDataFetcher.swift in Sources */ = {isa = PBXBuildFile; fileRef = D313EEEC292E039B00961B15 /* NetworkDataFetcher.swift */; };
		D32DCB71292E387A00847377 /* NewsfeedPresenter.swift in Sources */ = {isa = PBXBuildFile; fileRef = D32DCB6A292E387A00847377 /* NewsfeedPresenter.swift */; };
		D32DCB72292E387A00847377 /* NewsfeedWorker.swift in Sources */ = {isa = PBXBuildFile; fileRef = D32DCB6B292E387A00847377 /* NewsfeedWorker.swift */; };
		D32DCB73292E387A00847377 /* NewsfeedRouter.swift in Sources */ = {isa = PBXBuildFile; fileRef = D32DCB6C292E387A00847377 /* NewsfeedRouter.swift */; };
		D32DCB74292E387A00847377 /* NewsfeedModels.swift in Sources */ = {isa = PBXBuildFile; fileRef = D32DCB6D292E387A00847377 /* NewsfeedModels.swift */; };
		D32DCB75292E387A00847377 /* NewsfeedViewController.swift in Sources */ = {isa = PBXBuildFile; fileRef = D32DCB6E292E387A00847377 /* NewsfeedViewController.swift */; };
		D32DCB76292E387A00847377 /* NewsfeedInteractor.swift in Sources */ = {isa = PBXBuildFile; fileRef = D32DCB6F292E387A00847377 /* NewsfeedInteractor.swift */; };
		D32DCB79292F54A000847377 /* NewsfeedViewController.storyboard in Resources */ = {isa = PBXBuildFile; fileRef = D32DCB78292F54A000847377 /* NewsfeedViewController.storyboard */; };
		D32DCB7C292F5FDF00847377 /* NewsfeedCell.swift in Sources */ = {isa = PBXBuildFile; fileRef = D32DCB7B292F5FDF00847377 /* NewsfeedCell.swift */; };
		D32DCB7E292F602400847377 /* NewsfeedCell.xib in Resources */ = {isa = PBXBuildFile; fileRef = D32DCB7D292F602400847377 /* NewsfeedCell.xib */; };
		D3E0D34C292B8D88009E9A27 /* AppDelegate.swift in Sources */ = {isa = PBXBuildFile; fileRef = D3E0D34B292B8D88009E9A27 /* AppDelegate.swift */; };
		D3E0D34E292B8D88009E9A27 /* SceneDelegate.swift in Sources */ = {isa = PBXBuildFile; fileRef = D3E0D34D292B8D88009E9A27 /* SceneDelegate.swift */; };
		D3E0D350292B8D88009E9A27 /* AuthViewController.swift in Sources */ = {isa = PBXBuildFile; fileRef = D3E0D34F292B8D88009E9A27 /* AuthViewController.swift */; };
		D3E0D355292B8D8B009E9A27 /* Assets.xcassets in Resources */ = {isa = PBXBuildFile; fileRef = D3E0D354292B8D8B009E9A27 /* Assets.xcassets */; };
		D3E0D358292B8D8B009E9A27 /* LaunchScreen.storyboard in Resources */ = {isa = PBXBuildFile; fileRef = D3E0D356292B8D8B009E9A27 /* LaunchScreen.storyboard */; };
/* End PBXBuildFile section */

/* Begin PBXFileReference section */
		5BB2699F87E8B3041DA14D00 /* Pods-VkNewsFeed.release.xcconfig */ = {isa = PBXFileReference; includeInIndex = 1; lastKnownFileType = text.xcconfig; name = "Pods-VkNewsFeed.release.xcconfig"; path = "Target Support Files/Pods-VkNewsFeed/Pods-VkNewsFeed.release.xcconfig"; sourceTree = "<group>"; };
		5C20716F308241D34D945823 /* Pods-VkNewsFeed.debug.xcconfig */ = {isa = PBXFileReference; includeInIndex = 1; lastKnownFileType = text.xcconfig; name = "Pods-VkNewsFeed.debug.xcconfig"; path = "Target Support Files/Pods-VkNewsFeed/Pods-VkNewsFeed.debug.xcconfig"; sourceTree = "<group>"; };
		D313EEDA292BAD2300961B15 /* AuthService.swift */ = {isa = PBXFileReference; lastKnownFileType = sourcecode.swift; path = AuthService.swift; sourceTree = "<group>"; };
		D313EEDD292BAFA400961B15 /* AuthViewController.storyboard */ = {isa = PBXFileReference; lastKnownFileType = file.storyboard; path = AuthViewController.storyboard; sourceTree = "<group>"; };
		D313EEDF292CC73D00961B15 /* FeedViewController.swift */ = {isa = PBXFileReference; lastKnownFileType = sourcecode.swift; path = FeedViewController.swift; sourceTree = "<group>"; };
		D313EEE1292CC76200961B15 /* FeedViewController.storyboard */ = {isa = PBXFileReference; lastKnownFileType = file.storyboard; path = FeedViewController.storyboard; sourceTree = "<group>"; };
		D313EEE5292CDFE000961B15 /* NetworkService.swift */ = {isa = PBXFileReference; lastKnownFileType = sourcecode.swift; path = NetworkService.swift; sourceTree = "<group>"; };
		D313EEE7292CE0AF00961B15 /* Api.swift */ = {isa = PBXFileReference; lastKnownFileType = sourcecode.swift; path = Api.swift; sourceTree = "<group>"; };
		D313EEEA292E009D00961B15 /* FeedResponse.swift */ = {isa = PBXFileReference; lastKnownFileType = sourcecode.swift; path = FeedResponse.swift; sourceTree = "<group>"; };
		D313EEEC292E039B00961B15 /* NetworkDataFetcher.swift */ = {isa = PBXFileReference; lastKnownFileType = sourcecode.swift; path = NetworkDataFetcher.swift; sourceTree = "<group>"; };
		D32DCB6A292E387A00847377 /* NewsfeedPresenter.swift */ = {isa = PBXFileReference; lastKnownFileType = sourcecode.swift; path = NewsfeedPresenter.swift; sourceTree = "<group>"; };
		D32DCB6B292E387A00847377 /* NewsfeedWorker.swift */ = {isa = PBXFileReference; lastKnownFileType = sourcecode.swift; path = NewsfeedWorker.swift; sourceTree = "<group>"; };
		D32DCB6C292E387A00847377 /* NewsfeedRouter.swift */ = {isa = PBXFileReference; lastKnownFileType = sourcecode.swift; path = NewsfeedRouter.swift; sourceTree = "<group>"; };
		D32DCB6D292E387A00847377 /* NewsfeedModels.swift */ = {isa = PBXFileReference; lastKnownFileType = sourcecode.swift; path = NewsfeedModels.swift; sourceTree = "<group>"; };
		D32DCB6E292E387A00847377 /* NewsfeedViewController.swift */ = {isa = PBXFileReference; lastKnownFileType = sourcecode.swift; path = NewsfeedViewController.swift; sourceTree = "<group>"; };
		D32DCB6F292E387A00847377 /* NewsfeedInteractor.swift */ = {isa = PBXFileReference; lastKnownFileType = sourcecode.swift; path = NewsfeedInteractor.swift; sourceTree = "<group>"; };
		D32DCB78292F54A000847377 /* NewsfeedViewController.storyboard */ = {isa = PBXFileReference; lastKnownFileType = file.storyboard; path = NewsfeedViewController.storyboard; sourceTree = "<group>"; };
		D32DCB7B292F5FDF00847377 /* NewsfeedCell.swift */ = {isa = PBXFileReference; lastKnownFileType = sourcecode.swift; path = NewsfeedCell.swift; sourceTree = "<group>"; };
		D32DCB7D292F602400847377 /* NewsfeedCell.xib */ = {isa = PBXFileReference; lastKnownFileType = file.xib; path = NewsfeedCell.xib; sourceTree = "<group>"; };
		D3E0D348292B8D88009E9A27 /* VkNewsFeed.app */ = {isa = PBXFileReference; explicitFileType = wrapper.application; includeInIndex = 0; path = VkNewsFeed.app; sourceTree = BUILT_PRODUCTS_DIR; };
		D3E0D34B292B8D88009E9A27 /* AppDelegate.swift */ = {isa = PBXFileReference; lastKnownFileType = sourcecode.swift; path = AppDelegate.swift; sourceTree = "<group>"; };
		D3E0D34D292B8D88009E9A27 /* SceneDelegate.swift */ = {isa = PBXFileReference; lastKnownFileType = sourcecode.swift; path = SceneDelegate.swift; sourceTree = "<group>"; };
		D3E0D34F292B8D88009E9A27 /* AuthViewController.swift */ = {isa = PBXFileReference; lastKnownFileType = sourcecode.swift; path = AuthViewController.swift; sourceTree = "<group>"; };
		D3E0D354292B8D8B009E9A27 /* Assets.xcassets */ = {isa = PBXFileReference; lastKnownFileType = folder.assetcatalog; path = Assets.xcassets; sourceTree = "<group>"; };
		D3E0D357292B8D8B009E9A27 /* Base */ = {isa = PBXFileReference; lastKnownFileType = file.storyboard; name = Base; path = Base.lproj/LaunchScreen.storyboard; sourceTree = "<group>"; };
		D3E0D359292B8D8B009E9A27 /* Info.plist */ = {isa = PBXFileReference; lastKnownFileType = text.plist.xml; path = Info.plist; sourceTree = "<group>"; };
		EC7A7E48967FE75CC034227D /* Pods_VkNewsFeed.framework */ = {isa = PBXFileReference; explicitFileType = wrapper.framework; includeInIndex = 0; path = Pods_VkNewsFeed.framework; sourceTree = BUILT_PRODUCTS_DIR; };
/* End PBXFileReference section */

/* Begin PBXFrameworksBuildPhase section */
		D3E0D345292B8D88009E9A27 /* Frameworks */ = {
			isa = PBXFrameworksBuildPhase;
			buildActionMask = 2147483647;
			files = (
				D313EED7292B943A00961B15 /* Pods_VkNewsFeed.framework in Frameworks */,
			);
			runOnlyForDeploymentPostprocessing = 0;
		};
/* End PBXFrameworksBuildPhase section */

/* Begin PBXGroup section */
		0F7FDD209F9CCEAA214FB0E2 /* Frameworks */ = {
			isa = PBXGroup;
			children = (
				EC7A7E48967FE75CC034227D /* Pods_VkNewsFeed.framework */,
			);
			name = Frameworks;
			sourceTree = "<group>";
		};
		2A38FB8518644FE1F67C7C9B /* Pods */ = {
			isa = PBXGroup;
			children = (
				5C20716F308241D34D945823 /* Pods-VkNewsFeed.debug.xcconfig */,
				5BB2699F87E8B3041DA14D00 /* Pods-VkNewsFeed.release.xcconfig */,
			);
			path = Pods;
			sourceTree = "<group>";
		};
		D313EEDC292BAD2900961B15 /* Services */ = {
			isa = PBXGroup;
			children = (
				D313EEE9292E008E00961B15 /* Models */,
				D313EEDA292BAD2300961B15 /* AuthService.swift */,
				D313EEE5292CDFE000961B15 /* NetworkService.swift */,
				D313EEE7292CE0AF00961B15 /* Api.swift */,
				D313EEEC292E039B00961B15 /* NetworkDataFetcher.swift */,
			);
			path = Services;
			sourceTree = "<group>";
		};
		D313EEE3292CC80900961B15 /* Feed */ = {
			isa = PBXGroup;
			children = (
				D313EEDF292CC73D00961B15 /* FeedViewController.swift */,
				D313EEE1292CC76200961B15 /* FeedViewController.storyboard */,
			);
			path = Feed;
			sourceTree = "<group>";
		};
		D313EEE4292CC82E00961B15 /* Auth */ = {
			isa = PBXGroup;
			children = (
				D3E0D34F292B8D88009E9A27 /* AuthViewController.swift */,
				D313EEDD292BAFA400961B15 /* AuthViewController.storyboard */,
			);
			path = Auth;
			sourceTree = "<group>";
		};
		D313EEE9292E008E00961B15 /* Models */ = {
			isa = PBXGroup;
			children = (
				D313EEEA292E009D00961B15 /* FeedResponse.swift */,
			);
			path = Models;
			sourceTree = "<group>";
		};
		D32DCB69292E386000847377 /* Newsfeed */ = {
			isa = PBXGroup;
			children = (
				D32DCB7A292F5FC700847377 /* Cell */,
				D32DCB6A292E387A00847377 /* NewsfeedPresenter.swift */,
				D32DCB6B292E387A00847377 /* NewsfeedWorker.swift */,
				D32DCB6C292E387A00847377 /* NewsfeedRouter.swift */,
				D32DCB6D292E387A00847377 /* NewsfeedModels.swift */,
				D32DCB6E292E387A00847377 /* NewsfeedViewController.swift */,
				D32DCB6F292E387A00847377 /* NewsfeedInteractor.swift */,
				D32DCB78292F54A000847377 /* NewsfeedViewController.storyboard */,
			);
			path = Newsfeed;
			sourceTree = "<group>";
		};
		D32DCB7A292F5FC700847377 /* Cell */ = {
			isa = PBXGroup;
			children = (
				D32DCB7B292F5FDF00847377 /* NewsfeedCell.swift */,
				D32DCB7D292F602400847377 /* NewsfeedCell.xib */,
			);
			path = Cell;
			sourceTree = "<group>";
		};
		D3E0D33F292B8D88009E9A27 = {
			isa = PBXGroup;
			children = (
				D3E0D34A292B8D88009E9A27 /* VkNewsFeed */,
				D3E0D349292B8D88009E9A27 /* Products */,
				2A38FB8518644FE1F67C7C9B /* Pods */,
				0F7FDD209F9CCEAA214FB0E2 /* Frameworks */,
			);
			sourceTree = "<group>";
		};
		D3E0D349292B8D88009E9A27 /* Products */ = {
			isa = PBXGroup;
			children = (
				D3E0D348292B8D88009E9A27 /* VkNewsFeed.app */,
			);
			name = Products;
			sourceTree = "<group>";
		};
		D3E0D34A292B8D88009E9A27 /* VkNewsFeed */ = {
			isa = PBXGroup;
			children = (
				D32DCB69292E386000847377 /* Newsfeed */,
				D313EEDC292BAD2900961B15 /* Services */,
				D3E0D34B292B8D88009E9A27 /* AppDelegate.swift */,
				D3E0D34D292B8D88009E9A27 /* SceneDelegate.swift */,
				D313EEE4292CC82E00961B15 /* Auth */,
				D313EEE3292CC80900961B15 /* Feed */,
				D3E0D354292B8D8B009E9A27 /* Assets.xcassets */,
				D3E0D356292B8D8B009E9A27 /* LaunchScreen.storyboard */,
				D3E0D359292B8D8B009E9A27 /* Info.plist */,
			);
			path = VkNewsFeed;
			sourceTree = "<group>";
		};
/* End PBXGroup section */

/* Begin PBXNativeTarget section */
		D3E0D347292B8D88009E9A27 /* VkNewsFeed */ = {
			isa = PBXNativeTarget;
			buildConfigurationList = D3E0D35C292B8D8B009E9A27 /* Build configuration list for PBXNativeTarget "VkNewsFeed" */;
			buildPhases = (
				7E1A176652AB3142885CA536 /* [CP] Check Pods Manifest.lock */,
				D3E0D344292B8D88009E9A27 /* Sources */,
				D3E0D345292B8D88009E9A27 /* Frameworks */,
				D3E0D346292B8D88009E9A27 /* Resources */,
				595044D17AC85E69E444C461 /* [CP] Embed Pods Frameworks */,
			);
			buildRules = (
			);
			dependencies = (
			);
			name = VkNewsFeed;
			productName = VkNewsFeed;
			productReference = D3E0D348292B8D88009E9A27 /* VkNewsFeed.app */;
			productType = "com.apple.product-type.application";
		};
/* End PBXNativeTarget section */

/* Begin PBXProject section */
		D3E0D340292B8D88009E9A27 /* Project object */ = {
			isa = PBXProject;
			attributes = {
				BuildIndependentTargetsInParallel = 1;
				LastSwiftUpdateCheck = 1330;
				LastUpgradeCheck = 1330;
				TargetAttributes = {
					D3E0D347292B8D88009E9A27 = {
						CreatedOnToolsVersion = 13.3;
					};
				};
			};
			buildConfigurationList = D3E0D343292B8D88009E9A27 /* Build configuration list for PBXProject "VkNewsFeed" */;
			compatibilityVersion = "Xcode 13.0";
			developmentRegion = en;
			hasScannedForEncodings = 0;
			knownRegions = (
				en,
				Base,
			);
			mainGroup = D3E0D33F292B8D88009E9A27;
			productRefGroup = D3E0D349292B8D88009E9A27 /* Products */;
			projectDirPath = "";
			projectRoot = "";
			targets = (
				D3E0D347292B8D88009E9A27 /* VkNewsFeed */,
			);
		};
/* End PBXProject section */

/* Begin PBXResourcesBuildPhase section */
		D3E0D346292B8D88009E9A27 /* Resources */ = {
			isa = PBXResourcesBuildPhase;
			buildActionMask = 2147483647;
			files = (
				D3E0D358292B8D8B009E9A27 /* LaunchScreen.storyboard in Resources */,
				D313EEDE292BAFA400961B15 /* AuthViewController.storyboard in Resources */,
				D32DCB79292F54A000847377 /* NewsfeedViewController.storyboard in Resources */,
				D3E0D355292B8D8B009E9A27 /* Assets.xcassets in Resources */,
				D32DCB7E292F602400847377 /* NewsfeedCell.xib in Resources */,
				D313EEE2292CC76200961B15 /* FeedViewController.storyboard in Resources */,
			);
			runOnlyForDeploymentPostprocessing = 0;
		};
/* End PBXResourcesBuildPhase section */

/* Begin PBXShellScriptBuildPhase section */
		595044D17AC85E69E444C461 /* [CP] Embed Pods Frameworks */ = {
			isa = PBXShellScriptBuildPhase;
			buildActionMask = 2147483647;
			files = (
			);
			inputFileListPaths = (
				"${PODS_ROOT}/Target Support Files/Pods-VkNewsFeed/Pods-VkNewsFeed-frameworks-${CONFIGURATION}-input-files.xcfilelist",
			);
			name = "[CP] Embed Pods Frameworks";
			outputFileListPaths = (
				"${PODS_ROOT}/Target Support Files/Pods-VkNewsFeed/Pods-VkNewsFeed-frameworks-${CONFIGURATION}-output-files.xcfilelist",
			);
			runOnlyForDeploymentPostprocessing = 0;
			shellPath = /bin/sh;
			shellScript = "\"${PODS_ROOT}/Target Support Files/Pods-VkNewsFeed/Pods-VkNewsFeed-frameworks.sh\"\n";
			showEnvVarsInLog = 0;
		};
		7E1A176652AB3142885CA536 /* [CP] Check Pods Manifest.lock */ = {
			isa = PBXShellScriptBuildPhase;
			buildActionMask = 2147483647;
			files = (
			);
			inputFileListPaths = (
			);
			inputPaths = (
				"${PODS_PODFILE_DIR_PATH}/Podfile.lock",
				"${PODS_ROOT}/Manifest.lock",
			);
			name = "[CP] Check Pods Manifest.lock";
			outputFileListPaths = (
			);
			outputPaths = (
				"$(DERIVED_FILE_DIR)/Pods-VkNewsFeed-checkManifestLockResult.txt",
			);
			runOnlyForDeploymentPostprocessing = 0;
			shellPath = /bin/sh;
			shellScript = "diff \"${PODS_PODFILE_DIR_PATH}/Podfile.lock\" \"${PODS_ROOT}/Manifest.lock\" > /dev/null\nif [ $? != 0 ] ; then\n    # print error to STDERR\n    echo \"error: The sandbox is not in sync with the Podfile.lock. Run 'pod install' or update your CocoaPods installation.\" >&2\n    exit 1\nfi\n# This output is used by Xcode 'outputs' to avoid re-running this script phase.\necho \"SUCCESS\" > \"${SCRIPT_OUTPUT_FILE_0}\"\n";
			showEnvVarsInLog = 0;
		};
/* End PBXShellScriptBuildPhase section */

/* Begin PBXSourcesBuildPhase section */
		D3E0D344292B8D88009E9A27 /* Sources */ = {
			isa = PBXSourcesBuildPhase;
			buildActionMask = 2147483647;
			files = (
				D313EEEB292E009D00961B15 /* FeedResponse.swift in Sources */,
				D32DCB75292E387A00847377 /* NewsfeedViewController.swift in Sources */,
				D3E0D350292B8D88009E9A27 /* AuthViewController.swift in Sources */,
				D3E0D34C292B8D88009E9A27 /* AppDelegate.swift in Sources */,
				D32DCB71292E387A00847377 /* NewsfeedPresenter.swift in Sources */,
				D313EEE0292CC73D00961B15 /* FeedViewController.swift in Sources */,
				D32DCB73292E387A00847377 /* NewsfeedRouter.swift in Sources */,
				D3E0D34E292B8D88009E9A27 /* SceneDelegate.swift in Sources */,
				D313EEE6292CDFE000961B15 /* NetworkService.swift in Sources */,
				D32DCB74292E387A00847377 /* NewsfeedModels.swift in Sources */,
				D313EEED292E039B00961B15 /* NetworkDataFetcher.swift in Sources */,
				D32DCB72292E387A00847377 /* NewsfeedWorker.swift in Sources */,
				D313EEE8292CE0AF00961B15 /* Api.swift in Sources */,
				D313EEDB292BAD2300961B15 /* AuthService.swift in Sources */,
				D32DCB7C292F5FDF00847377 /* NewsfeedCell.swift in Sources */,
				D32DCB76292E387A00847377 /* NewsfeedInteractor.swift in Sources */,
			);
			runOnlyForDeploymentPostprocessing = 0;
		};
/* End PBXSourcesBuildPhase section */

/* Begin PBXVariantGroup section */
		D3E0D356292B8D8B009E9A27 /* LaunchScreen.storyboard */ = {
			isa = PBXVariantGroup;
			children = (
				D3E0D357292B8D8B009E9A27 /* Base */,
			);
			name = LaunchScreen.storyboard;
			sourceTree = "<group>";
		};
/* End PBXVariantGroup section */

/* Begin XCBuildConfiguration section */
		D3E0D35A292B8D8B009E9A27 /* Debug */ = {
			isa = XCBuildConfiguration;
			buildSettings = {
				ALWAYS_SEARCH_USER_PATHS = NO;
				CLANG_ANALYZER_NONNULL = YES;
				CLANG_ANALYZER_NUMBER_OBJECT_CONVERSION = YES_AGGRESSIVE;
				CLANG_CXX_LANGUAGE_STANDARD = "gnu++17";
				CLANG_ENABLE_MODULES = YES;
				CLANG_ENABLE_OBJC_ARC = YES;
				CLANG_ENABLE_OBJC_WEAK = YES;
				CLANG_WARN_BLOCK_CAPTURE_AUTORELEASING = YES;
				CLANG_WARN_BOOL_CONVERSION = YES;
				CLANG_WARN_COMMA = YES;
				CLANG_WARN_CONSTANT_CONVERSION = YES;
				CLANG_WARN_DEPRECATED_OBJC_IMPLEMENTATIONS = YES;
				CLANG_WARN_DIRECT_OBJC_ISA_USAGE = YES_ERROR;
				CLANG_WARN_DOCUMENTATION_COMMENTS = YES;
				CLANG_WARN_EMPTY_BODY = YES;
				CLANG_WARN_ENUM_CONVERSION = YES;
				CLANG_WARN_INFINITE_RECURSION = YES;
				CLANG_WARN_INT_CONVERSION = YES;
				CLANG_WARN_NON_LITERAL_NULL_CONVERSION = YES;
				CLANG_WARN_OBJC_IMPLICIT_RETAIN_SELF = YES;
				CLANG_WARN_OBJC_LITERAL_CONVERSION = YES;
				CLANG_WARN_OBJC_ROOT_CLASS = YES_ERROR;
				CLANG_WARN_QUOTED_INCLUDE_IN_FRAMEWORK_HEADER = YES;
				CLANG_WARN_RANGE_LOOP_ANALYSIS = YES;
				CLANG_WARN_STRICT_PROTOTYPES = YES;
				CLANG_WARN_SUSPICIOUS_MOVE = YES;
				CLANG_WARN_UNGUARDED_AVAILABILITY = YES_AGGRESSIVE;
				CLANG_WARN_UNREACHABLE_CODE = YES;
				CLANG_WARN__DUPLICATE_METHOD_MATCH = YES;
				COPY_PHASE_STRIP = NO;
				DEBUG_INFORMATION_FORMAT = dwarf;
				ENABLE_STRICT_OBJC_MSGSEND = YES;
				ENABLE_TESTABILITY = YES;
				GCC_C_LANGUAGE_STANDARD = gnu11;
				GCC_DYNAMIC_NO_PIC = NO;
				GCC_NO_COMMON_BLOCKS = YES;
				GCC_OPTIMIZATION_LEVEL = 0;
				GCC_PREPROCESSOR_DEFINITIONS = (
					"DEBUG=1",
					"$(inherited)",
				);
				GCC_WARN_64_TO_32_BIT_CONVERSION = YES;
				GCC_WARN_ABOUT_RETURN_TYPE = YES_ERROR;
				GCC_WARN_UNDECLARED_SELECTOR = YES;
				GCC_WARN_UNINITIALIZED_AUTOS = YES_AGGRESSIVE;
				GCC_WARN_UNUSED_FUNCTION = YES;
				GCC_WARN_UNUSED_VARIABLE = YES;
				IPHONEOS_DEPLOYMENT_TARGET = 15.4;
				MTL_ENABLE_DEBUG_INFO = INCLUDE_SOURCE;
				MTL_FAST_MATH = YES;
				ONLY_ACTIVE_ARCH = YES;
				SDKROOT = iphoneos;
				SWIFT_ACTIVE_COMPILATION_CONDITIONS = DEBUG;
				SWIFT_OPTIMIZATION_LEVEL = "-Onone";
			};
			name = Debug;
		};
		D3E0D35B292B8D8B009E9A27 /* Release */ = {
			isa = XCBuildConfiguration;
			buildSettings = {
				ALWAYS_SEARCH_USER_PATHS = NO;
				CLANG_ANALYZER_NONNULL = YES;
				CLANG_ANALYZER_NUMBER_OBJECT_CONVERSION = YES_AGGRESSIVE;
				CLANG_CXX_LANGUAGE_STANDARD = "gnu++17";
				CLANG_ENABLE_MODULES = YES;
				CLANG_ENABLE_OBJC_ARC = YES;
				CLANG_ENABLE_OBJC_WEAK = YES;
				CLANG_WARN_BLOCK_CAPTURE_AUTORELEASING = YES;
				CLANG_WARN_BOOL_CONVERSION = YES;
				CLANG_WARN_COMMA = YES;
				CLANG_WARN_CONSTANT_CONVERSION = YES;
				CLANG_WARN_DEPRECATED_OBJC_IMPLEMENTATIONS = YES;
				CLANG_WARN_DIRECT_OBJC_ISA_USAGE = YES_ERROR;
				CLANG_WARN_DOCUMENTATION_COMMENTS = YES;
				CLANG_WARN_EMPTY_BODY = YES;
				CLANG_WARN_ENUM_CONVERSION = YES;
				CLANG_WARN_INFINITE_RECURSION = YES;
				CLANG_WARN_INT_CONVERSION = YES;
				CLANG_WARN_NON_LITERAL_NULL_CONVERSION = YES;
				CLANG_WARN_OBJC_IMPLICIT_RETAIN_SELF = YES;
				CLANG_WARN_OBJC_LITERAL_CONVERSION = YES;
				CLANG_WARN_OBJC_ROOT_CLASS = YES_ERROR;
				CLANG_WARN_QUOTED_INCLUDE_IN_FRAMEWORK_HEADER = YES;
				CLANG_WARN_RANGE_LOOP_ANALYSIS = YES;
				CLANG_WARN_STRICT_PROTOTYPES = YES;
				CLANG_WARN_SUSPICIOUS_MOVE = YES;
				CLANG_WARN_UNGUARDED_AVAILABILITY = YES_AGGRESSIVE;
				CLANG_WARN_UNREACHABLE_CODE = YES;
				CLANG_WARN__DUPLICATE_METHOD_MATCH = YES;
				COPY_PHASE_STRIP = NO;
				DEBUG_INFORMATION_FORMAT = "dwarf-with-dsym";
				ENABLE_NS_ASSERTIONS = NO;
				ENABLE_STRICT_OBJC_MSGSEND = YES;
				GCC_C_LANGUAGE_STANDARD = gnu11;
				GCC_NO_COMMON_BLOCKS = YES;
				GCC_WARN_64_TO_32_BIT_CONVERSION = YES;
				GCC_WARN_ABOUT_RETURN_TYPE = YES_ERROR;
				GCC_WARN_UNDECLARED_SELECTOR = YES;
				GCC_WARN_UNINITIALIZED_AUTOS = YES_AGGRESSIVE;
				GCC_WARN_UNUSED_FUNCTION = YES;
				GCC_WARN_UNUSED_VARIABLE = YES;
				IPHONEOS_DEPLOYMENT_TARGET = 15.4;
				MTL_ENABLE_DEBUG_INFO = NO;
				MTL_FAST_MATH = YES;
				SDKROOT = iphoneos;
				SWIFT_COMPILATION_MODE = wholemodule;
				SWIFT_OPTIMIZATION_LEVEL = "-O";
				VALIDATE_PRODUCT = YES;
			};
			name = Release;
		};
		D3E0D35D292B8D8B009E9A27 /* Debug */ = {
			isa = XCBuildConfiguration;
			baseConfigurationReference = 5C20716F308241D34D945823 /* Pods-VkNewsFeed.debug.xcconfig */;
			buildSettings = {
				ASSETCATALOG_COMPILER_APPICON_NAME = AppIcon;
				ASSETCATALOG_COMPILER_GLOBAL_ACCENT_COLOR_NAME = AccentColor;
				CODE_SIGN_STYLE = Automatic;
				CURRENT_PROJECT_VERSION = 1;
				GENERATE_INFOPLIST_FILE = YES;
				INFOPLIST_FILE = VkNewsFeed/Info.plist;
				INFOPLIST_KEY_UIApplicationSupportsIndirectInputEvents = YES;
				INFOPLIST_KEY_UILaunchStoryboardName = LaunchScreen;
				INFOPLIST_KEY_UISupportedInterfaceOrientations_iPad = "UIInterfaceOrientationPortrait UIInterfaceOrientationPortraitUpsideDown UIInterfaceOrientationLandscapeLeft UIInterfaceOrientationLandscapeRight";
				INFOPLIST_KEY_UISupportedInterfaceOrientations_iPhone = "UIInterfaceOrientationPortrait UIInterfaceOrientationLandscapeLeft UIInterfaceOrientationLandscapeRight";
				LD_RUNPATH_SEARCH_PATHS = (
					"$(inherited)",
					"@executable_path/Frameworks",
				);
				MARKETING_VERSION = 1.0;
				PRODUCT_BUNDLE_IDENTIFIER = com.shibaevaSvetlana.VkNewsFeed;
				PRODUCT_NAME = "$(TARGET_NAME)";
				SWIFT_EMIT_LOC_STRINGS = YES;
				SWIFT_VERSION = 5.0;
				TARGETED_DEVICE_FAMILY = "1,2";
			};
			name = Debug;
		};
		D3E0D35E292B8D8B009E9A27 /* Release */ = {
			isa = XCBuildConfiguration;
			baseConfigurationReference = 5BB2699F87E8B3041DA14D00 /* Pods-VkNewsFeed.release.xcconfig */;
			buildSettings = {
				ASSETCATALOG_COMPILER_APPICON_NAME = AppIcon;
				ASSETCATALOG_COMPILER_GLOBAL_ACCENT_COLOR_NAME = AccentColor;
				CODE_SIGN_STYLE = Automatic;
				CURRENT_PROJECT_VERSION = 1;
				GENERATE_INFOPLIST_FILE = YES;
				INFOPLIST_FILE = VkNewsFeed/Info.plist;
				INFOPLIST_KEY_UIApplicationSupportsIndirectInputEvents = YES;
				INFOPLIST_KEY_UILaunchStoryboardName = LaunchScreen;
				INFOPLIST_KEY_UISupportedInterfaceOrientations_iPad = "UIInterfaceOrientationPortrait UIInterfaceOrientationPortraitUpsideDown UIInterfaceOrientationLandscapeLeft UIInterfaceOrientationLandscapeRight";
				INFOPLIST_KEY_UISupportedInterfaceOrientations_iPhone = "UIInterfaceOrientationPortrait UIInterfaceOrientationLandscapeLeft UIInterfaceOrientationLandscapeRight";
				LD_RUNPATH_SEARCH_PATHS = (
					"$(inherited)",
					"@executable_path/Frameworks",
				);
				MARKETING_VERSION = 1.0;
				PRODUCT_BUNDLE_IDENTIFIER = com.shibaevaSvetlana.VkNewsFeed;
				PRODUCT_NAME = "$(TARGET_NAME)";
				SWIFT_EMIT_LOC_STRINGS = YES;
				SWIFT_VERSION = 5.0;
				TARGETED_DEVICE_FAMILY = "1,2";
			};
			name = Release;
		};
/* End XCBuildConfiguration section */

/* Begin XCConfigurationList section */
		D3E0D343292B8D88009E9A27 /* Build configuration list for PBXProject "VkNewsFeed" */ = {
			isa = XCConfigurationList;
			buildConfigurations = (
				D3E0D35A292B8D8B009E9A27 /* Debug */,
				D3E0D35B292B8D8B009E9A27 /* Release */,
			);
			defaultConfigurationIsVisible = 0;
			defaultConfigurationName = Release;
		};
		D3E0D35C292B8D8B009E9A27 /* Build configuration list for PBXNativeTarget "VkNewsFeed" */ = {
			isa = XCConfigurationList;
			buildConfigurations = (
				D3E0D35D292B8D8B009E9A27 /* Debug */,
				D3E0D35E292B8D8B009E9A27 /* Release */,
			);
			defaultConfigurationIsVisible = 0;
			defaultConfigurationName = Release;
		};
/* End XCConfigurationList section */
	};
	rootObject = D3E0D340292B8D88009E9A27 /* Project object */;
}
